
Microsoft Visual Studio Solution File, Format Version 12.00
# Visual Studio Version 17
VisualStudioVersion = 17.5.002.0
MinimumVisualStudioVersion = 10.0.40219.1
Project("{2150E333-8FDC-42A3-9474-1A3956D46DE8}") = "GBM", "GBM", "{9FCCA242-CCC0-47EC-8B65-9029AD378658}"
EndProject
Project("{9A19103F-16F7-4668-BE54-9A1E7A4F7556}") = "files", "GBM\files\files.csproj", "{D6DD4831-55C9-4A4B-892B-13A19252C862}"
EndProject
Global
	GlobalSection(SolutionConfigurationPlatforms) = preSolution
		Debug|Any CPU = Debug|Any CPU
		Release|Any CPU = Release|Any CPU
	EndGlobalSection
	GlobalSection(ProjectConfigurationPlatforms) = postSolution
		{D6DD4831-55C9-4A4B-892B-13A19252C862}.Debug|Any CPU.ActiveCfg = Debug|Any CPU
		{D6DD4831-55C9-4A4B-892B-13A19252C862}.Debug|Any CPU.Build.0 = Debug|Any CPU
		{D6DD4831-55C9-4A4B-892B-13A19252C862}.Release|Any CPU.ActiveCfg = Release|Any CPU
		{D6DD4831-55C9-4A4B-892B-13A19252C862}.Release|Any CPU.Build.0 = Release|Any CPU
	EndGlobalSection
	GlobalSection(SolutionProperties) = preSolution
		HideSolutionNode = FALSE
	EndGlobalSection
	GlobalSection(NestedProjects) = preSolution
		{D6DD4831-55C9-4A4B-892B-13A19252C862} = {9FCCA242-CCC0-47EC-8B65-9029AD378658}
	EndGlobalSection
	GlobalSection(ExtensibilityGlobals) = postSolution
		SolutionGuid = {F5CEBDE9-D872-4F5F-8C22-10D5A598ACCE}
	EndGlobalSection
EndGlobal
